
Microsoft Visual Studio Solution File, Format Version 12.00
# Visual Studio 15
VisualStudioVersion = 15.0.26124.0
MinimumVisualStudioVersion = 15.0.26124.0
Project("{FAE04EC0-301F-11D3-BF4B-00C04F79EFBC}") = "BowlingGameApp", "BowlingGameApp\BowlingGameApp.csproj", "{6879FDEB-7C6D-4F94-A3FD-E720FB8D812D}"
EndProject
Project("{FAE04EC0-301F-11D3-BF4B-00C04F79EFBC}") = "BowlingGameAppTests", "BowlingGameAppTests\BowlingGameAppTests.csproj", "{4ED4B07F-F911-4033-99AF-C14801B5DECD}"
EndProject
Global
	GlobalSection(SolutionConfigurationPlatforms) = preSolution
		Debug|Any CPU = Debug|Any CPU
		Debug|x64 = Debug|x64
		Debug|x86 = Debug|x86
		Release|Any CPU = Release|Any CPU
		Release|x64 = Release|x64
		Release|x86 = Release|x86
	EndGlobalSection
	GlobalSection(SolutionProperties) = preSolution
		HideSolutionNode = FALSE
	EndGlobalSection
	GlobalSection(ProjectConfigurationPlatforms) = postSolution
		{6879FDEB-7C6D-4F94-A3FD-E720FB8D812D}.Debug|Any CPU.ActiveCfg = Debug|Any CPU
		{6879FDEB-7C6D-4F94-A3FD-E720FB8D812D}.Debug|Any CPU.Build.0 = Debug|Any CPU
		{6879FDEB-7C6D-4F94-A3FD-E720FB8D812D}.Debug|x64.ActiveCfg = Debug|Any CPU
		{6879FDEB-7C6D-4F94-A3FD-E720FB8D812D}.Debug|x64.Build.0 = Debug|Any CPU
		{6879FDEB-7C6D-4F94-A3FD-E720FB8D812D}.Debug|x86.ActiveCfg = Debug|Any CPU
		{6879FDEB-7C6D-4F94-A3FD-E720FB8D812D}.Debug|x86.Build.0 = Debug|Any CPU
		{6879FDEB-7C6D-4F94-A3FD-E720FB8D812D}.Release|Any CPU.ActiveCfg = Release|Any CPU
		{6879FDEB-7C6D-4F94-A3FD-E720FB8D812D}.Release|Any CPU.Build.0 = Release|Any CPU
		{6879FDEB-7C6D-4F94-A3FD-E720FB8D812D}.Release|x64.ActiveCfg = Release|Any CPU
		{6879FDEB-7C6D-4F94-A3FD-E720FB8D812D}.Release|x64.Build.0 = Release|Any CPU
		{6879FDEB-7C6D-4F94-A3FD-E720FB8D812D}.Release|x86.ActiveCfg = Release|Any CPU
		{6879FDEB-7C6D-4F94-A3FD-E720FB8D812D}.Release|x86.Build.0 = Release|Any CPU
		{4ED4B07F-F911-4033-99AF-C14801B5DECD}.Debug|Any CPU.ActiveCfg = Debug|Any CPU
		{4ED4B07F-F911-4033-99AF-C14801B5DECD}.Debug|Any CPU.Build.0 = Debug|Any CPU
		{4ED4B07F-F911-4033-99AF-C14801B5DECD}.Debug|x64.ActiveCfg = Debug|Any CPU
		{4ED4B07F-F911-4033-99AF-C14801B5DECD}.Debug|x64.Build.0 = Debug|Any CPU
		{4ED4B07F-F911-4033-99AF-C14801B5DECD}.Debug|x86.ActiveCfg = Debug|Any CPU
		{4ED4B07F-F911-4033-99AF-C14801B5DECD}.Debug|x86.Build.0 = Debug|Any CPU
		{4ED4B07F-F911-4033-99AF-C14801B5DECD}.Release|Any CPU.ActiveCfg = Release|Any CPU
		{4ED4B07F-F911-4033-99AF-C14801B5DECD}.Release|Any CPU.Build.0 = Release|Any CPU
		{4ED4B07F-F911-4033-99AF-C14801B5DECD}.Release|x64.ActiveCfg = Release|Any CPU
		{4ED4B07F-F911-4033-99AF-C14801B5DECD}.Release|x64.Build.0 = Release|Any CPU
		{4ED4B07F-F911-4033-99AF-C14801B5DECD}.Release|x86.ActiveCfg = Release|Any CPU
		{4ED4B07F-F911-4033-99AF-C14801B5DECD}.Release|x86.Build.0 = Release|Any CPU
	EndGlobalSection
EndGlobal
